
Microsoft Visual Studio Solution File, Format Version 12.00
# Visual Studio 15
VisualStudioVersion = 15.0.28307.779
MinimumVisualStudioVersion = 10.0.40219.1
Project("{FAE04EC0-301F-11D3-BF4B-00C04F79EFBC}") = "PracticandoReportes", "PracticandoReportes\PracticandoReportes.csproj", "{468D06D4-86E1-4671-B071-842E014E4F87}"
EndProject
Project("{FAE04EC0-301F-11D3-BF4B-00C04F79EFBC}") = "PracticandoReportes.Tests", "PracticandoReportes.Tests\PracticandoReportes.Tests.csproj", "{60B232E8-D1A2-4989-B0E5-D9A28857D0CB}"
EndProject
Project("{FAE04EC0-301F-11D3-BF4B-00C04F79EFBC}") = "BLL", "BLL\BLL.csproj", "{8FF16186-9D04-4063-A42B-93CFDEB0F6EC}"
EndProject
Project("{FAE04EC0-301F-11D3-BF4B-00C04F79EFBC}") = "DAL", "DAL\DAL.csproj", "{6ECF8FB8-C958-4080-9750-25BAF6177DDB}"
EndProject
Project("{FAE04EC0-301F-11D3-BF4B-00C04F79EFBC}") = "Entidades", "Entidades\Entidades.csproj", "{379E06B4-95EC-49E7-985B-26FAC00DE972}"
EndProject
Global
	GlobalSection(SolutionConfigurationPlatforms) = preSolution
		Debug|Any CPU = Debug|Any CPU
		Release|Any CPU = Release|Any CPU
	EndGlobalSection
	GlobalSection(ProjectConfigurationPlatforms) = postSolution
		{468D06D4-86E1-4671-B071-842E014E4F87}.Debug|Any CPU.ActiveCfg = Debug|Any CPU
		{468D06D4-86E1-4671-B071-842E014E4F87}.Debug|Any CPU.Build.0 = Debug|Any CPU
		{468D06D4-86E1-4671-B071-842E014E4F87}.Release|Any CPU.ActiveCfg = Release|Any CPU
		{468D06D4-86E1-4671-B071-842E014E4F87}.Release|Any CPU.Build.0 = Release|Any CPU
		{60B232E8-D1A2-4989-B0E5-D9A28857D0CB}.Debug|Any CPU.ActiveCfg = Debug|Any CPU
		{60B232E8-D1A2-4989-B0E5-D9A28857D0CB}.Debug|Any CPU.Build.0 = Debug|Any CPU
		{60B232E8-D1A2-4989-B0E5-D9A28857D0CB}.Release|Any CPU.ActiveCfg = Release|Any CPU
		{60B232E8-D1A2-4989-B0E5-D9A28857D0CB}.Release|Any CPU.Build.0 = Release|Any CPU
		{8FF16186-9D04-4063-A42B-93CFDEB0F6EC}.Debug|Any CPU.ActiveCfg = Debug|Any CPU
		{8FF16186-9D04-4063-A42B-93CFDEB0F6EC}.Debug|Any CPU.Build.0 = Debug|Any CPU
		{8FF16186-9D04-4063-A42B-93CFDEB0F6EC}.Release|Any CPU.ActiveCfg = Release|Any CPU
		{8FF16186-9D04-4063-A42B-93CFDEB0F6EC}.Release|Any CPU.Build.0 = Release|Any CPU
		{6ECF8FB8-C958-4080-9750-25BAF6177DDB}.Debug|Any CPU.ActiveCfg = Debug|Any CPU
		{6ECF8FB8-C958-4080-9750-25BAF6177DDB}.Debug|Any CPU.Build.0 = Debug|Any CPU
		{6ECF8FB8-C958-4080-9750-25BAF6177DDB}.Release|Any CPU.ActiveCfg = Release|Any CPU
		{6ECF8FB8-C958-4080-9750-25BAF6177DDB}.Release|Any CPU.Build.0 = Release|Any CPU
		{379E06B4-95EC-49E7-985B-26FAC00DE972}.Debug|Any CPU.ActiveCfg = Debug|Any CPU
		{379E06B4-95EC-49E7-985B-26FAC00DE972}.Debug|Any CPU.Build.0 = Debug|Any CPU
		{379E06B4-95EC-49E7-985B-26FAC00DE972}.Release|Any CPU.ActiveCfg = Release|Any CPU
		{379E06B4-95EC-49E7-985B-26FAC00DE972}.Release|Any CPU.Build.0 = Release|Any CPU
	EndGlobalSection
	GlobalSection(SolutionProperties) = preSolution
		HideSolutionNode = FALSE
	EndGlobalSection
	GlobalSection(ExtensibilityGlobals) = postSolution
		SolutionGuid = {6E5E9395-FFE1-46D7-B92C-391FE0C48AF6}
	EndGlobalSection
EndGlobal
